
Microsoft Visual Studio Solution File, Format Version 12.00
Project("{FAE04EC0-301F-11D3-BF4B-00C04F79EFBC}") = "Hx2D", "Hx2D\Hx2D.csproj", "{6AF85C66-9E1F-4F6E-9788-A6364E2A9124}"
EndProject
Global
	GlobalSection(SolutionConfigurationPlatforms) = preSolution
		Debug|Any CPU = Debug|Any CPU
		Release|Any CPU = Release|Any CPU
	EndGlobalSection
	GlobalSection(ProjectConfigurationPlatforms) = postSolution
		{6AF85C66-9E1F-4F6E-9788-A6364E2A9124}.Debug|Any CPU.ActiveCfg = Debug|Any CPU
		{6AF85C66-9E1F-4F6E-9788-A6364E2A9124}.Debug|Any CPU.Build.0 = Debug|Any CPU
		{6AF85C66-9E1F-4F6E-9788-A6364E2A9124}.Release|Any CPU.ActiveCfg = Release|Any CPU
		{6AF85C66-9E1F-4F6E-9788-A6364E2A9124}.Release|Any CPU.Build.0 = Release|Any CPU
	EndGlobalSection
EndGlobal
